
Microsoft Visual Studio Solution File, Format Version 12.00
# Visual Studio Version 16
VisualStudioVersion = 16.0.30114.105
MinimumVisualStudioVersion = 10.0.40219.1
Project("{FAE04EC0-301F-11D3-BF4B-00C04F79EFBC}") = "BlazorConduit", "BlazorConduit.csproj", "{AC6511A4-07DE-4A34-8349-0F0222EEE3DD}"
EndProject
Global
	GlobalSection(SolutionConfigurationPlatforms) = preSolution
		Debug|Any CPU = Debug|Any CPU
		Release|Any CPU = Release|Any CPU
	EndGlobalSection
	GlobalSection(ProjectConfigurationPlatforms) = postSolution
		{AC6511A4-07DE-4A34-8349-0F0222EEE3DD}.Debug|Any CPU.ActiveCfg = Debug|Any CPU
		{AC6511A4-07DE-4A34-8349-0F0222EEE3DD}.Debug|Any CPU.Build.0 = Debug|Any CPU
		{AC6511A4-07DE-4A34-8349-0F0222EEE3DD}.Release|Any CPU.ActiveCfg = Release|Any CPU
		{AC6511A4-07DE-4A34-8349-0F0222EEE3DD}.Release|Any CPU.Build.0 = Release|Any CPU
	EndGlobalSection
	GlobalSection(SolutionProperties) = preSolution
		HideSolutionNode = FALSE
	EndGlobalSection
	GlobalSection(ExtensibilityGlobals) = postSolution
		SolutionGuid = {BF4D10B7-ABCC-4594-B860-2F2B4B730CB5}
	EndGlobalSection
EndGlobal
